// !$*UTF8*$!
{
	archiveVersion = 1;
	classes = {
	};
	objectVersion = 48;
	objects = {

/* Begin PBXBuildFile section */
		84132612204EEE6000AA4B3A /* AppDelegate.swift in Sources */ = {isa = PBXBuildFile; fileRef = 84132611204EEE6000AA4B3A /* AppDelegate.swift */; };
		84132614204EEE6000AA4B3A /* ViewController.swift in Sources */ = {isa = PBXBuildFile; fileRef = 84132613204EEE6000AA4B3A /* ViewController.swift */; };
		84132617204EEE6000AA4B3A /* Main.storyboard in Resources */ = {isa = PBXBuildFile; fileRef = 84132615204EEE6000AA4B3A /* Main.storyboard */; };
		84132619204EEE6000AA4B3A /* Assets.xcassets in Resources */ = {isa = PBXBuildFile; fileRef = 84132618204EEE6000AA4B3A /* Assets.xcassets */; };
		8413261C204EEE6000AA4B3A /* LaunchScreen.storyboard in Resources */ = {isa = PBXBuildFile; fileRef = 8413261A204EEE6000AA4B3A /* LaunchScreen.storyboard */; };
		84132621204EEE6000AA4B3A /* PillApp WatchKit App.app in Embed Watch Content */ = {isa = PBXBuildFile; fileRef = 84132620204EEE6000AA4B3A /* PillApp WatchKit App.app */; };
		84132629204EEE6000AA4B3A /* Assets.xcassets in Resources */ = {isa = PBXBuildFile; fileRef = 84132628204EEE6000AA4B3A /* Assets.xcassets */; };
		84132630204EEE6000AA4B3A /* PillApp WatchKit Extension.appex in Embed App Extensions */ = {isa = PBXBuildFile; fileRef = 8413262F204EEE6000AA4B3A /* PillApp WatchKit Extension.appex */; settings = {ATTRIBUTES = (RemoveHeadersOnCopy, ); }; };
		84132637204EEE6000AA4B3A /* ExtensionDelegate.swift in Sources */ = {isa = PBXBuildFile; fileRef = 84132636204EEE6000AA4B3A /* ExtensionDelegate.swift */; };
		84132639204EEE6000AA4B3A /* Assets.xcassets in Resources */ = {isa = PBXBuildFile; fileRef = 84132638204EEE6000AA4B3A /* Assets.xcassets */; };
		84395E27205055EB003FEBBE /* NotificationManager.swift in Sources */ = {isa = PBXBuildFile; fileRef = 84395E26205055EB003FEBBE /* NotificationManager.swift */; };
		846949B22051ACA8000E4709 /* WatchiPhoneCommunicationProtocol.swift in Sources */ = {isa = PBXBuildFile; fileRef = 846949B12051ACA8000E4709 /* WatchiPhoneCommunicationProtocol.swift */; };
		846949B32051ADC1000E4709 /* WatchiPhoneCommunicationProtocol.swift in Sources */ = {isa = PBXBuildFile; fileRef = 846949B12051ACA8000E4709 /* WatchiPhoneCommunicationProtocol.swift */; };
		8477A4EA20505750008445F7 /* NotificationManager.swift in Sources */ = {isa = PBXBuildFile; fileRef = 8477A4E92050574F008445F7 /* NotificationManager.swift */; };
		84E418EF205011CF007DE716 /* WatchManager.swift in Sources */ = {isa = PBXBuildFile; fileRef = 84E418EE205011CF007DE716 /* WatchManager.swift */; };
		84E418F1205011DC007DE716 /* iOSManager.swift in Sources */ = {isa = PBXBuildFile; fileRef = 84E418F0205011DC007DE716 /* iOSManager.swift */; };
		84F738482050733D00FDEB1D /* Medicine.swift in Sources */ = {isa = PBXBuildFile; fileRef = 84F738472050733D00FDEB1D /* Medicine.swift */; };
		84F7384B205076A700FDEB1D /* Reminder.swift in Sources */ = {isa = PBXBuildFile; fileRef = 84F7384A205076A700FDEB1D /* Reminder.swift */; };
		84F7384F2050801B00FDEB1D /* Dosage.swift in Sources */ = {isa = PBXBuildFile; fileRef = 84F7384E2050801B00FDEB1D /* Dosage.swift */; };
		84F738512050802100FDEB1D /* Frequency.swift in Sources */ = {isa = PBXBuildFile; fileRef = 84F738502050802100FDEB1D /* Frequency.swift */; };
		84F738522050804800FDEB1D /* Frequency.swift in Sources */ = {isa = PBXBuildFile; fileRef = 84F738502050802100FDEB1D /* Frequency.swift */; };
		84F738532050804C00FDEB1D /* Dosage.swift in Sources */ = {isa = PBXBuildFile; fileRef = 84F7384E2050801B00FDEB1D /* Dosage.swift */; };
		84F738552050941100FDEB1D /* CoreDataManager.swift in Sources */ = {isa = PBXBuildFile; fileRef = 84F738542050941100FDEB1D /* CoreDataManager.swift */; };
		8D60C8F42051D5970048E3E3 /* ComplicationController.swift in Sources */ = {isa = PBXBuildFile; fileRef = 8D60C8F32051D5970048E3E3 /* ComplicationController.swift */; };
		8D60C9062051D6000048E3E3 /* CGVector+Extensions.swift in Sources */ = {isa = PBXBuildFile; fileRef = 8D60C8F62051D5FF0048E3E3 /* CGVector+Extensions.swift */; };
		8D60C9072051D6000048E3E3 /* SKTAudio.swift in Sources */ = {isa = PBXBuildFile; fileRef = 8D60C8F72051D5FF0048E3E3 /* SKTAudio.swift */; };
		8D60C9082051D6000048E3E3 /* SKRingNode.swift in Sources */ = {isa = PBXBuildFile; fileRef = 8D60C8F82051D5FF0048E3E3 /* SKRingNode.swift */; };
		8D60C9092051D6000048E3E3 /* SKColor+Extensions.swift in Sources */ = {isa = PBXBuildFile; fileRef = 8D60C8F92051D5FF0048E3E3 /* SKColor+Extensions.swift */; };
		8D60C90A2051D6000048E3E3 /* CGFloat+Extensions.swift in Sources */ = {isa = PBXBuildFile; fileRef = 8D60C8FA2051D5FF0048E3E3 /* CGFloat+Extensions.swift */; };
		8D60C90B2051D6000048E3E3 /* CGFloat.swift in Sources */ = {isa = PBXBuildFile; fileRef = 8D60C8FB2051D5FF0048E3E3 /* CGFloat.swift */; };
		8D60C90C2051D6000048E3E3 /* Int+Extensions.swift in Sources */ = {isa = PBXBuildFile; fileRef = 8D60C8FC2051D5FF0048E3E3 /* Int+Extensions.swift */; };
		8D60C90D2051D6000048E3E3 /* SKAction+Extensions.swift in Sources */ = {isa = PBXBuildFile; fileRef = 8D60C8FD2051D5FF0048E3E3 /* SKAction+Extensions.swift */; };
		8D60C90E2051D6000048E3E3 /* SKAction+SpecialEffects.swift in Sources */ = {isa = PBXBuildFile; fileRef = 8D60C8FE2051D5FF0048E3E3 /* SKAction+SpecialEffects.swift */; };
		8D60C90F2051D6000048E3E3 /* SKTEffects.swift in Sources */ = {isa = PBXBuildFile; fileRef = 8D60C8FF2051D5FF0048E3E3 /* SKTEffects.swift */; };
		8D60C9102051D6000048E3E3 /* SKTTimingFunctions.swift in Sources */ = {isa = PBXBuildFile; fileRef = 8D60C9002051D5FF0048E3E3 /* SKTTimingFunctions.swift */; };
		8D60C9112051D6000048E3E3 /* SKColor.swift in Sources */ = {isa = PBXBuildFile; fileRef = 8D60C9012051D5FF0048E3E3 /* SKColor.swift */; };
		8D60C9122051D6000048E3E3 /* GameScene.swift in Sources */ = {isa = PBXBuildFile; fileRef = 8D60C9022051D5FF0048E3E3 /* GameScene.swift */; };
		8D60C9132051D6000048E3E3 /* SKNode+Extensions.swift in Sources */ = {isa = PBXBuildFile; fileRef = 8D60C9032051D5FF0048E3E3 /* SKNode+Extensions.swift */; };
		8D60C9142051D6000048E3E3 /* Vector3.swift in Sources */ = {isa = PBXBuildFile; fileRef = 8D60C9042051D6000048E3E3 /* Vector3.swift */; };
		8D60C9152051D6000048E3E3 /* CGPoint+Extensions.swift in Sources */ = {isa = PBXBuildFile; fileRef = 8D60C9052051D6000048E3E3 /* CGPoint+Extensions.swift */; };
		AB7C23F1204F12E400EBA6AB /* MedicineRowController.swift in Sources */ = {isa = PBXBuildFile; fileRef = AB7C23EE204F12DF00EBA6AB /* MedicineRowController.swift */; };
		AB7C23F2204F12E400EBA6AB /* MedicineListController.swift in Sources */ = {isa = PBXBuildFile; fileRef = AB7C23ED204F12DF00EBA6AB /* MedicineListController.swift */; };
		AB7C23F6204F132A00EBA6AB /* Interface.storyboard in Resources */ = {isa = PBXBuildFile; fileRef = AB7C23F5204F132A00EBA6AB /* Interface.storyboard */; };
		D7C85610204F02A7001265C7 /* MedicineTableViewCell.swift in Sources */ = {isa = PBXBuildFile; fileRef = D7C8560F204F02A7001265C7 /* MedicineTableViewCell.swift */; };
		D7C85612204F0D3A001265C7 /* CreateMedicineViewController.swift in Sources */ = {isa = PBXBuildFile; fileRef = D7C85611204F0D3A001265C7 /* CreateMedicineViewController.swift */; };
		D7C85615204F2749001265C7 /* PillApp.xcdatamodeld in Sources */ = {isa = PBXBuildFile; fileRef = D7C85613204F2749001265C7 /* PillApp.xcdatamodeld */; };
		D7C8563820507795001265C7 /* UIView.swift in Sources */ = {isa = PBXBuildFile; fileRef = D7C8563720507795001265C7 /* UIView.swift */; };
		D7C8563A20508051001265C7 /* DosageTableViewCell.swift in Sources */ = {isa = PBXBuildFile; fileRef = D7C8563920508051001265C7 /* DosageTableViewCell.swift */; };
		D7C8563C205080AD001265C7 /* ColorTableViewCell.swift in Sources */ = {isa = PBXBuildFile; fileRef = D7C8563B205080AD001265C7 /* ColorTableViewCell.swift */; };
		D7C8563E2051AD85001265C7 /* DosageSettingsViewController.swift in Sources */ = {isa = PBXBuildFile; fileRef = D7C8563D2051AD85001265C7 /* DosageSettingsViewController.swift */; };
		D7C856402051AFB0001265C7 /* SetDosageTableViewCell.swift in Sources */ = {isa = PBXBuildFile; fileRef = D7C8563F2051AFB0001265C7 /* SetDosageTableViewCell.swift */; };
		D7C856422051B5E9001265C7 /* SetUnitTableViewCell.swift in Sources */ = {isa = PBXBuildFile; fileRef = D7C856412051B5E9001265C7 /* SetUnitTableViewCell.swift */; };
/* End PBXBuildFile section */

/* Begin PBXContainerItemProxy section */
		84132622204EEE6000AA4B3A /* PBXContainerItemProxy */ = {
			isa = PBXContainerItemProxy;
			containerPortal = 84132606204EEE6000AA4B3A /* Project object */;
			proxyType = 1;
			remoteGlobalIDString = 8413261F204EEE6000AA4B3A;
			remoteInfo = "PillApp WatchKit App";
		};
		84132631204EEE6000AA4B3A /* PBXContainerItemProxy */ = {
			isa = PBXContainerItemProxy;
			containerPortal = 84132606204EEE6000AA4B3A /* Project object */;
			proxyType = 1;
			remoteGlobalIDString = 8413262E204EEE6000AA4B3A;
			remoteInfo = "PillApp WatchKit Extension";
		};
/* End PBXContainerItemProxy section */

/* Begin PBXCopyFilesBuildPhase section */
		84132640204EEE6000AA4B3A /* Embed App Extensions */ = {
			isa = PBXCopyFilesBuildPhase;
			buildActionMask = 2147483647;
			dstPath = "";
			dstSubfolderSpec = 13;
			files = (
				84132630204EEE6000AA4B3A /* PillApp WatchKit Extension.appex in Embed App Extensions */,
			);
			name = "Embed App Extensions";
			runOnlyForDeploymentPostprocessing = 0;
		};
		84132644204EEE6000AA4B3A /* Embed Watch Content */ = {
			isa = PBXCopyFilesBuildPhase;
			buildActionMask = 2147483647;
			dstPath = "$(CONTENTS_FOLDER_PATH)/Watch";
			dstSubfolderSpec = 16;
			files = (
				84132621204EEE6000AA4B3A /* PillApp WatchKit App.app in Embed Watch Content */,
			);
			name = "Embed Watch Content";
			runOnlyForDeploymentPostprocessing = 0;
		};
/* End PBXCopyFilesBuildPhase section */

/* Begin PBXFileReference section */
		8413260E204EEE6000AA4B3A /* PillApp.app */ = {isa = PBXFileReference; explicitFileType = wrapper.application; includeInIndex = 0; path = PillApp.app; sourceTree = BUILT_PRODUCTS_DIR; };
		84132611204EEE6000AA4B3A /* AppDelegate.swift */ = {isa = PBXFileReference; lastKnownFileType = sourcecode.swift; path = AppDelegate.swift; sourceTree = "<group>"; };
		84132613204EEE6000AA4B3A /* ViewController.swift */ = {isa = PBXFileReference; lastKnownFileType = sourcecode.swift; path = ViewController.swift; sourceTree = "<group>"; };
		84132616204EEE6000AA4B3A /* Base */ = {isa = PBXFileReference; lastKnownFileType = file.storyboard; name = Base; path = Base.lproj/Main.storyboard; sourceTree = "<group>"; };
		84132618204EEE6000AA4B3A /* Assets.xcassets */ = {isa = PBXFileReference; lastKnownFileType = folder.assetcatalog; path = Assets.xcassets; sourceTree = "<group>"; };
		8413261B204EEE6000AA4B3A /* Base */ = {isa = PBXFileReference; lastKnownFileType = file.storyboard; name = Base; path = Base.lproj/LaunchScreen.storyboard; sourceTree = "<group>"; };
		8413261D204EEE6000AA4B3A /* Info.plist */ = {isa = PBXFileReference; lastKnownFileType = text.plist.xml; path = Info.plist; sourceTree = "<group>"; };
		84132620204EEE6000AA4B3A /* PillApp WatchKit App.app */ = {isa = PBXFileReference; explicitFileType = wrapper.application; includeInIndex = 0; path = "PillApp WatchKit App.app"; sourceTree = BUILT_PRODUCTS_DIR; };
		84132628204EEE6000AA4B3A /* Assets.xcassets */ = {isa = PBXFileReference; lastKnownFileType = folder.assetcatalog; path = Assets.xcassets; sourceTree = "<group>"; };
		8413262A204EEE6000AA4B3A /* Info.plist */ = {isa = PBXFileReference; lastKnownFileType = text.plist.xml; path = Info.plist; sourceTree = "<group>"; };
		8413262F204EEE6000AA4B3A /* PillApp WatchKit Extension.appex */ = {isa = PBXFileReference; explicitFileType = "wrapper.app-extension"; includeInIndex = 0; path = "PillApp WatchKit Extension.appex"; sourceTree = BUILT_PRODUCTS_DIR; };
		84132636204EEE6000AA4B3A /* ExtensionDelegate.swift */ = {isa = PBXFileReference; lastKnownFileType = sourcecode.swift; path = ExtensionDelegate.swift; sourceTree = "<group>"; };
		84132638204EEE6000AA4B3A /* Assets.xcassets */ = {isa = PBXFileReference; lastKnownFileType = folder.assetcatalog; path = Assets.xcassets; sourceTree = "<group>"; };
		8413263A204EEE6000AA4B3A /* Info.plist */ = {isa = PBXFileReference; lastKnownFileType = text.plist.xml; path = Info.plist; sourceTree = "<group>"; };
		8413264E204F0B5100AA4B3A /* PillApp.entitlements */ = {isa = PBXFileReference; lastKnownFileType = text.plist.entitlements; path = PillApp.entitlements; sourceTree = "<group>"; };
		84395E26205055EB003FEBBE /* NotificationManager.swift */ = {isa = PBXFileReference; lastKnownFileType = sourcecode.swift; path = NotificationManager.swift; sourceTree = "<group>"; };
		846949B12051ACA8000E4709 /* WatchiPhoneCommunicationProtocol.swift */ = {isa = PBXFileReference; lastKnownFileType = sourcecode.swift; path = WatchiPhoneCommunicationProtocol.swift; sourceTree = "<group>"; };
		8477A4E92050574F008445F7 /* NotificationManager.swift */ = {isa = PBXFileReference; fileEncoding = 4; lastKnownFileType = sourcecode.swift; path = NotificationManager.swift; sourceTree = "<group>"; };
		84E418EE205011CF007DE716 /* WatchManager.swift */ = {isa = PBXFileReference; lastKnownFileType = sourcecode.swift; path = WatchManager.swift; sourceTree = "<group>"; };
		84E418F0205011DC007DE716 /* iOSManager.swift */ = {isa = PBXFileReference; lastKnownFileType = sourcecode.swift; path = iOSManager.swift; sourceTree = "<group>"; };
		84F738472050733D00FDEB1D /* Medicine.swift */ = {isa = PBXFileReference; lastKnownFileType = sourcecode.swift; path = Medicine.swift; sourceTree = "<group>"; };
		84F7384A205076A700FDEB1D /* Reminder.swift */ = {isa = PBXFileReference; lastKnownFileType = sourcecode.swift; path = Reminder.swift; sourceTree = "<group>"; };
		84F7384E2050801B00FDEB1D /* Dosage.swift */ = {isa = PBXFileReference; lastKnownFileType = sourcecode.swift; path = Dosage.swift; sourceTree = "<group>"; };
		84F738502050802100FDEB1D /* Frequency.swift */ = {isa = PBXFileReference; lastKnownFileType = sourcecode.swift; path = Frequency.swift; sourceTree = "<group>"; };
		84F738542050941100FDEB1D /* CoreDataManager.swift */ = {isa = PBXFileReference; lastKnownFileType = sourcecode.swift; path = CoreDataManager.swift; sourceTree = "<group>"; };
		8D60C8F32051D5970048E3E3 /* ComplicationController.swift */ = {isa = PBXFileReference; fileEncoding = 4; lastKnownFileType = sourcecode.swift; name = ComplicationController.swift; path = "PillApp WatchKit Extension/View/ComplicationController.swift"; sourceTree = SOURCE_ROOT; };
		8D60C8F62051D5FF0048E3E3 /* CGVector+Extensions.swift */ = {isa = PBXFileReference; fileEncoding = 4; lastKnownFileType = sourcecode.swift; name = "CGVector+Extensions.swift"; path = "RingNode/CGVector+Extensions.swift"; sourceTree = "<group>"; };
		8D60C8F72051D5FF0048E3E3 /* SKTAudio.swift */ = {isa = PBXFileReference; fileEncoding = 4; lastKnownFileType = sourcecode.swift; name = SKTAudio.swift; path = RingNode/SKTAudio.swift; sourceTree = "<group>"; };
		8D60C8F82051D5FF0048E3E3 /* SKRingNode.swift */ = {isa = PBXFileReference; fileEncoding = 4; lastKnownFileType = sourcecode.swift; name = SKRingNode.swift; path = RingNode/SKRingNode.swift; sourceTree = "<group>"; };
		8D60C8F92051D5FF0048E3E3 /* SKColor+Extensions.swift */ = {isa = PBXFileReference; fileEncoding = 4; lastKnownFileType = sourcecode.swift; name = "SKColor+Extensions.swift"; path = "RingNode/SKColor+Extensions.swift"; sourceTree = "<group>"; };
		8D60C8FA2051D5FF0048E3E3 /* CGFloat+Extensions.swift */ = {isa = PBXFileReference; fileEncoding = 4; lastKnownFileType = sourcecode.swift; name = "CGFloat+Extensions.swift"; path = "RingNode/CGFloat+Extensions.swift"; sourceTree = "<group>"; };
		8D60C8FB2051D5FF0048E3E3 /* CGFloat.swift */ = {isa = PBXFileReference; fileEncoding = 4; lastKnownFileType = sourcecode.swift; name = CGFloat.swift; path = RingNode/CGFloat.swift; sourceTree = "<group>"; };
		8D60C8FC2051D5FF0048E3E3 /* Int+Extensions.swift */ = {isa = PBXFileReference; fileEncoding = 4; lastKnownFileType = sourcecode.swift; name = "Int+Extensions.swift"; path = "RingNode/Int+Extensions.swift"; sourceTree = "<group>"; };
		8D60C8FD2051D5FF0048E3E3 /* SKAction+Extensions.swift */ = {isa = PBXFileReference; fileEncoding = 4; lastKnownFileType = sourcecode.swift; name = "SKAction+Extensions.swift"; path = "RingNode/SKAction+Extensions.swift"; sourceTree = "<group>"; };
		8D60C8FE2051D5FF0048E3E3 /* SKAction+SpecialEffects.swift */ = {isa = PBXFileReference; fileEncoding = 4; lastKnownFileType = sourcecode.swift; name = "SKAction+SpecialEffects.swift"; path = "RingNode/SKAction+SpecialEffects.swift"; sourceTree = "<group>"; };
		8D60C8FF2051D5FF0048E3E3 /* SKTEffects.swift */ = {isa = PBXFileReference; fileEncoding = 4; lastKnownFileType = sourcecode.swift; name = SKTEffects.swift; path = RingNode/SKTEffects.swift; sourceTree = "<group>"; };
		8D60C9002051D5FF0048E3E3 /* SKTTimingFunctions.swift */ = {isa = PBXFileReference; fileEncoding = 4; lastKnownFileType = sourcecode.swift; name = SKTTimingFunctions.swift; path = RingNode/SKTTimingFunctions.swift; sourceTree = "<group>"; };
		8D60C9012051D5FF0048E3E3 /* SKColor.swift */ = {isa = PBXFileReference; fileEncoding = 4; lastKnownFileType = sourcecode.swift; name = SKColor.swift; path = RingNode/SKColor.swift; sourceTree = "<group>"; };
		8D60C9022051D5FF0048E3E3 /* GameScene.swift */ = {isa = PBXFileReference; fileEncoding = 4; lastKnownFileType = sourcecode.swift; name = GameScene.swift; path = RingNode/GameScene.swift; sourceTree = "<group>"; };
		8D60C9032051D5FF0048E3E3 /* SKNode+Extensions.swift */ = {isa = PBXFileReference; fileEncoding = 4; lastKnownFileType = sourcecode.swift; name = "SKNode+Extensions.swift"; path = "RingNode/SKNode+Extensions.swift"; sourceTree = "<group>"; };
		8D60C9042051D6000048E3E3 /* Vector3.swift */ = {isa = PBXFileReference; fileEncoding = 4; lastKnownFileType = sourcecode.swift; name = Vector3.swift; path = RingNode/Vector3.swift; sourceTree = "<group>"; };
		8D60C9052051D6000048E3E3 /* CGPoint+Extensions.swift */ = {isa = PBXFileReference; fileEncoding = 4; lastKnownFileType = sourcecode.swift; name = "CGPoint+Extensions.swift"; path = "RingNode/CGPoint+Extensions.swift"; sourceTree = "<group>"; };
		AB7C23ED204F12DF00EBA6AB /* MedicineListController.swift */ = {isa = PBXFileReference; fileEncoding = 4; lastKnownFileType = sourcecode.swift; path = MedicineListController.swift; sourceTree = "<group>"; };
		AB7C23EE204F12DF00EBA6AB /* MedicineRowController.swift */ = {isa = PBXFileReference; fileEncoding = 4; lastKnownFileType = sourcecode.swift; path = MedicineRowController.swift; sourceTree = "<group>"; };
		AB7C23F5204F132A00EBA6AB /* Interface.storyboard */ = {isa = PBXFileReference; fileEncoding = 4; lastKnownFileType = file.storyboard; path = Interface.storyboard; sourceTree = "<group>"; };
		D7C8560F204F02A7001265C7 /* MedicineTableViewCell.swift */ = {isa = PBXFileReference; lastKnownFileType = sourcecode.swift; path = MedicineTableViewCell.swift; sourceTree = "<group>"; };
		D7C85611204F0D3A001265C7 /* CreateMedicineViewController.swift */ = {isa = PBXFileReference; lastKnownFileType = sourcecode.swift; path = CreateMedicineViewController.swift; sourceTree = "<group>"; };
		D7C85614204F2749001265C7 /* PillApp.xcdatamodel */ = {isa = PBXFileReference; lastKnownFileType = wrapper.xcdatamodel; path = PillApp.xcdatamodel; sourceTree = "<group>"; };
		D7C8563720507795001265C7 /* UIView.swift */ = {isa = PBXFileReference; fileEncoding = 4; lastKnownFileType = sourcecode.swift; path = UIView.swift; sourceTree = "<group>"; };
		D7C8563920508051001265C7 /* DosageTableViewCell.swift */ = {isa = PBXFileReference; lastKnownFileType = sourcecode.swift; path = DosageTableViewCell.swift; sourceTree = "<group>"; };
		D7C8563B205080AD001265C7 /* ColorTableViewCell.swift */ = {isa = PBXFileReference; lastKnownFileType = sourcecode.swift; path = ColorTableViewCell.swift; sourceTree = "<group>"; };
		D7C8563D2051AD85001265C7 /* DosageSettingsViewController.swift */ = {isa = PBXFileReference; lastKnownFileType = sourcecode.swift; path = DosageSettingsViewController.swift; sourceTree = "<group>"; };
		D7C8563F2051AFB0001265C7 /* SetDosageTableViewCell.swift */ = {isa = PBXFileReference; lastKnownFileType = sourcecode.swift; path = SetDosageTableViewCell.swift; sourceTree = "<group>"; };
		D7C856412051B5E9001265C7 /* SetUnitTableViewCell.swift */ = {isa = PBXFileReference; lastKnownFileType = sourcecode.swift; path = SetUnitTableViewCell.swift; sourceTree = "<group>"; };
/* End PBXFileReference section */

/* Begin PBXFrameworksBuildPhase section */
		8413260B204EEE6000AA4B3A /* Frameworks */ = {
			isa = PBXFrameworksBuildPhase;
			buildActionMask = 2147483647;
			files = (
			);
			runOnlyForDeploymentPostprocessing = 0;
		};
		8413262C204EEE6000AA4B3A /* Frameworks */ = {
			isa = PBXFrameworksBuildPhase;
			buildActionMask = 2147483647;
			files = (
			);
			runOnlyForDeploymentPostprocessing = 0;
		};
/* End PBXFrameworksBuildPhase section */

/* Begin PBXGroup section */
		84132605204EEE6000AA4B3A = {
			isa = PBXGroup;
			children = (
				84132610204EEE6000AA4B3A /* PillApp */,
				84132624204EEE6000AA4B3A /* PillApp WatchKit App */,
				84132633204EEE6000AA4B3A /* PillApp WatchKit Extension */,
				8413260F204EEE6000AA4B3A /* Products */,
			);
			sourceTree = "<group>";
		};
		8413260F204EEE6000AA4B3A /* Products */ = {
			isa = PBXGroup;
			children = (
				8413260E204EEE6000AA4B3A /* PillApp.app */,
				84132620204EEE6000AA4B3A /* PillApp WatchKit App.app */,
				8413262F204EEE6000AA4B3A /* PillApp WatchKit Extension.appex */,
			);
			name = Products;
			sourceTree = "<group>";
		};
		84132610204EEE6000AA4B3A /* PillApp */ = {
			isa = PBXGroup;
			children = (
				84F73846205070F300FDEB1D /* Controller */,
				84132611204EEE6000AA4B3A /* AppDelegate.swift */,
				84132613204EEE6000AA4B3A /* ViewController.swift */,
				D7C85611204F0D3A001265C7 /* CreateMedicineViewController.swift */,
				D7C8560F204F02A7001265C7 /* MedicineTableViewCell.swift */,
				D7C8563720507795001265C7 /* UIView.swift */,
				84132615204EEE6000AA4B3A /* Main.storyboard */,
				D7C8563F2051AFB0001265C7 /* SetDosageTableViewCell.swift */,
				D7C856412051B5E9001265C7 /* SetUnitTableViewCell.swift */,
				D7C8563D2051AD85001265C7 /* DosageSettingsViewController.swift */,
				D7C8563920508051001265C7 /* DosageTableViewCell.swift */,
				D7C8563B205080AD001265C7 /* ColorTableViewCell.swift */,
				84132618204EEE6000AA4B3A /* Assets.xcassets */,
				8413261A204EEE6000AA4B3A /* LaunchScreen.storyboard */,
				8413261D204EEE6000AA4B3A /* Info.plist */,
				D7C85613204F2749001265C7 /* PillApp.xcdatamodeld */,
				8477A4EC205059FF008445F7 /* Managers */,
				8477A4EE20505A1B008445F7 /* View */,
				8477A4EB205059D6008445F7 /* Supporting Files */,
				8477A4ED20505A0F008445F7 /* Model */,
			);
			path = PillApp;
			sourceTree = "<group>";
		};
		84132624204EEE6000AA4B3A /* PillApp WatchKit App */ = {
			isa = PBXGroup;
			children = (
				AB7C23F5204F132A00EBA6AB /* Interface.storyboard */,
				84132628204EEE6000AA4B3A /* Assets.xcassets */,
				8413262A204EEE6000AA4B3A /* Info.plist */,
			);
			path = "PillApp WatchKit App";
			sourceTree = "<group>";
		};
		84132633204EEE6000AA4B3A /* PillApp WatchKit Extension */ = {
			isa = PBXGroup;
			children = (
				8413263A204EEE6000AA4B3A /* Info.plist */,
				8477A4EF20505A30008445F7 /* Controller */,
				8477A4F020505A44008445F7 /* Supporting Files */,
				8477A4F120505A4F008445F7 /* Manager */,
				84F738492050734200FDEB1D /* Model */,
			);
			path = "PillApp WatchKit Extension";
			sourceTree = "<group>";
		};
		8477A4EB205059D6008445F7 /* Supporting Files */ = {
			isa = PBXGroup;
			children = (
				8413264E204F0B5100AA4B3A /* PillApp.entitlements */,
			);
			name = "Supporting Files";
			sourceTree = "<group>";
		};
		8477A4EC205059FF008445F7 /* Managers */ = {
			isa = PBXGroup;
			children = (
				8477A4E92050574F008445F7 /* NotificationManager.swift */,
				84E418EE205011CF007DE716 /* WatchManager.swift */,
				84F738542050941100FDEB1D /* CoreDataManager.swift */,
			);
			name = Managers;
			sourceTree = "<group>";
		};
		8477A4ED20505A0F008445F7 /* Model */ = {
			isa = PBXGroup;
			children = (
			);
			name = Model;
			sourceTree = "<group>";
		};
		8477A4EE20505A1B008445F7 /* View */ = {
			isa = PBXGroup;
			children = (
			);
			name = View;
			sourceTree = "<group>";
		};
		8477A4EF20505A30008445F7 /* Controller */ = {
			isa = PBXGroup;
			children = (
				8D60C8FB2051D5FF0048E3E3 /* CGFloat.swift */,
				8D60C8FA2051D5FF0048E3E3 /* CGFloat+Extensions.swift */,
				8D60C9052051D6000048E3E3 /* CGPoint+Extensions.swift */,
				8D60C8F62051D5FF0048E3E3 /* CGVector+Extensions.swift */,
				8D60C9022051D5FF0048E3E3 /* GameScene.swift */,
				8D60C8FC2051D5FF0048E3E3 /* Int+Extensions.swift */,
				8D60C8FD2051D5FF0048E3E3 /* SKAction+Extensions.swift */,
				8D60C8FE2051D5FF0048E3E3 /* SKAction+SpecialEffects.swift */,
				8D60C9012051D5FF0048E3E3 /* SKColor.swift */,
				8D60C8F92051D5FF0048E3E3 /* SKColor+Extensions.swift */,
				8D60C9032051D5FF0048E3E3 /* SKNode+Extensions.swift */,
				8D60C8F82051D5FF0048E3E3 /* SKRingNode.swift */,
				8D60C8F72051D5FF0048E3E3 /* SKTAudio.swift */,
				8D60C8FF2051D5FF0048E3E3 /* SKTEffects.swift */,
				8D60C9002051D5FF0048E3E3 /* SKTTimingFunctions.swift */,
				8D60C9042051D6000048E3E3 /* Vector3.swift */,
				8D60C8F32051D5970048E3E3 /* ComplicationController.swift */,
				AB7C23ED204F12DF00EBA6AB /* MedicineListController.swift */,
				AB7C23EE204F12DF00EBA6AB /* MedicineRowController.swift */,
			);
			path = Controller;
			sourceTree = "<group>";
		};
		8477A4F020505A44008445F7 /* Supporting Files */ = {
			isa = PBXGroup;
			children = (
				84132636204EEE6000AA4B3A /* ExtensionDelegate.swift */,
				84132638204EEE6000AA4B3A /* Assets.xcassets */,
			);
			path = "Supporting Files";
			sourceTree = "<group>";
		};
		8477A4F120505A4F008445F7 /* Manager */ = {
			isa = PBXGroup;
			children = (
				84E418F0205011DC007DE716 /* iOSManager.swift */,
				84395E26205055EB003FEBBE /* NotificationManager.swift */,
				846949B12051ACA8000E4709 /* WatchiPhoneCommunicationProtocol.swift */,
			);
			path = Manager;
			sourceTree = "<group>";
		};
		84F73846205070F300FDEB1D /* Controller */ = {
			isa = PBXGroup;
			children = (
			);
			name = Controller;
			sourceTree = "<group>";
		};
		84F738492050734200FDEB1D /* Model */ = {
			isa = PBXGroup;
			children = (
				84F738472050733D00FDEB1D /* Medicine.swift */,
				84F7384A205076A700FDEB1D /* Reminder.swift */,
				84F7384E2050801B00FDEB1D /* Dosage.swift */,
				84F738502050802100FDEB1D /* Frequency.swift */,
			);
			path = Model;
			sourceTree = "<group>";
		};
/* End PBXGroup section */

/* Begin PBXNativeTarget section */
		8413260D204EEE6000AA4B3A /* PillApp */ = {
			isa = PBXNativeTarget;
			buildConfigurationList = 84132645204EEE6000AA4B3A /* Build configuration list for PBXNativeTarget "PillApp" */;
			buildPhases = (
				8413260A204EEE6000AA4B3A /* Sources */,
				8413260B204EEE6000AA4B3A /* Frameworks */,
				8413260C204EEE6000AA4B3A /* Resources */,
				84132644204EEE6000AA4B3A /* Embed Watch Content */,
			);
			buildRules = (
			);
			dependencies = (
				84132623204EEE6000AA4B3A /* PBXTargetDependency */,
			);
			name = PillApp;
			productName = PillApp;
			productReference = 8413260E204EEE6000AA4B3A /* PillApp.app */;
			productType = "com.apple.product-type.application";
		};
		8413261F204EEE6000AA4B3A /* PillApp WatchKit App */ = {
			isa = PBXNativeTarget;
			buildConfigurationList = 84132641204EEE6000AA4B3A /* Build configuration list for PBXNativeTarget "PillApp WatchKit App" */;
			buildPhases = (
				8413261E204EEE6000AA4B3A /* Resources */,
				84132640204EEE6000AA4B3A /* Embed App Extensions */,
			);
			buildRules = (
			);
			dependencies = (
				84132632204EEE6000AA4B3A /* PBXTargetDependency */,
			);
			name = "PillApp WatchKit App";
			productName = "PillApp WatchKit App";
			productReference = 84132620204EEE6000AA4B3A /* PillApp WatchKit App.app */;
			productType = "com.apple.product-type.application.watchapp2";
		};
		8413262E204EEE6000AA4B3A /* PillApp WatchKit Extension */ = {
			isa = PBXNativeTarget;
			buildConfigurationList = 8413263D204EEE6000AA4B3A /* Build configuration list for PBXNativeTarget "PillApp WatchKit Extension" */;
			buildPhases = (
				8413262B204EEE6000AA4B3A /* Sources */,
				8413262C204EEE6000AA4B3A /* Frameworks */,
				8413262D204EEE6000AA4B3A /* Resources */,
			);
			buildRules = (
			);
			dependencies = (
			);
			name = "PillApp WatchKit Extension";
			productName = "PillApp WatchKit Extension";
			productReference = 8413262F204EEE6000AA4B3A /* PillApp WatchKit Extension.appex */;
			productType = "com.apple.product-type.watchkit2-extension";
		};
/* End PBXNativeTarget section */

/* Begin PBXProject section */
		84132606204EEE6000AA4B3A /* Project object */ = {
			isa = PBXProject;
			attributes = {
				LastSwiftUpdateCheck = 0920;
				LastUpgradeCheck = 0920;
				ORGANIZATIONNAME = "Bruno Scheltzke";
				TargetAttributes = {
					8413260D204EEE6000AA4B3A = {
						CreatedOnToolsVersion = 9.2;
						ProvisioningStyle = Automatic;
						SystemCapabilities = {
							com.apple.BackgroundModes = {
								enabled = 1;
							};
							com.apple.Push = {
								enabled = 0;
							};
						};
					};
					8413261F204EEE6000AA4B3A = {
						CreatedOnToolsVersion = 9.2;
						ProvisioningStyle = Automatic;
					};
					8413262E204EEE6000AA4B3A = {
						CreatedOnToolsVersion = 9.2;
						ProvisioningStyle = Automatic;
						SystemCapabilities = {
							com.apple.BackgroundModes.watchos.extension = {
								enabled = 1;
							};
						};
					};
				};
			};
			buildConfigurationList = 84132609204EEE6000AA4B3A /* Build configuration list for PBXProject "PillApp" */;
			compatibilityVersion = "Xcode 8.0";
			developmentRegion = en;
			hasScannedForEncodings = 0;
			knownRegions = (
				en,
				Base,
			);
			mainGroup = 84132605204EEE6000AA4B3A;
			productRefGroup = 8413260F204EEE6000AA4B3A /* Products */;
			projectDirPath = "";
			projectRoot = "";
			targets = (
				8413260D204EEE6000AA4B3A /* PillApp */,
				8413261F204EEE6000AA4B3A /* PillApp WatchKit App */,
				8413262E204EEE6000AA4B3A /* PillApp WatchKit Extension */,
			);
		};
/* End PBXProject section */

/* Begin PBXResourcesBuildPhase section */
		8413260C204EEE6000AA4B3A /* Resources */ = {
			isa = PBXResourcesBuildPhase;
			buildActionMask = 2147483647;
			files = (
				8413261C204EEE6000AA4B3A /* LaunchScreen.storyboard in Resources */,
				84132619204EEE6000AA4B3A /* Assets.xcassets in Resources */,
				84132617204EEE6000AA4B3A /* Main.storyboard in Resources */,
			);
			runOnlyForDeploymentPostprocessing = 0;
		};
		8413261E204EEE6000AA4B3A /* Resources */ = {
			isa = PBXResourcesBuildPhase;
			buildActionMask = 2147483647;
			files = (
				84132629204EEE6000AA4B3A /* Assets.xcassets in Resources */,
				AB7C23F6204F132A00EBA6AB /* Interface.storyboard in Resources */,
			);
			runOnlyForDeploymentPostprocessing = 0;
		};
		8413262D204EEE6000AA4B3A /* Resources */ = {
			isa = PBXResourcesBuildPhase;
			buildActionMask = 2147483647;
			files = (
				84132639204EEE6000AA4B3A /* Assets.xcassets in Resources */,
			);
			runOnlyForDeploymentPostprocessing = 0;
		};
/* End PBXResourcesBuildPhase section */

/* Begin PBXSourcesBuildPhase section */
		8413260A204EEE6000AA4B3A /* Sources */ = {
			isa = PBXSourcesBuildPhase;
			buildActionMask = 2147483647;
			files = (
				D7C856422051B5E9001265C7 /* SetUnitTableViewCell.swift in Sources */,
				D7C85612204F0D3A001265C7 /* CreateMedicineViewController.swift in Sources */,
				D7C8563A20508051001265C7 /* DosageTableViewCell.swift in Sources */,
				D7C85615204F2749001265C7 /* PillApp.xcdatamodeld in Sources */,
				D7C8563820507795001265C7 /* UIView.swift in Sources */,
				D7C856402051AFB0001265C7 /* SetDosageTableViewCell.swift in Sources */,
				D7C8563C205080AD001265C7 /* ColorTableViewCell.swift in Sources */,
				D7C8563E2051AD85001265C7 /* DosageSettingsViewController.swift in Sources */,
				84132614204EEE6000AA4B3A /* ViewController.swift in Sources */,
				8477A4EA20505750008445F7 /* NotificationManager.swift in Sources */,
				84F738522050804800FDEB1D /* Frequency.swift in Sources */,
				84F738532050804C00FDEB1D /* Dosage.swift in Sources */,
				84E418EF205011CF007DE716 /* WatchManager.swift in Sources */,
				84132612204EEE6000AA4B3A /* AppDelegate.swift in Sources */,
				84F738552050941100FDEB1D /* CoreDataManager.swift in Sources */,
				D7C85610204F02A7001265C7 /* MedicineTableViewCell.swift in Sources */,
				846949B32051ADC1000E4709 /* WatchiPhoneCommunicationProtocol.swift in Sources */,
			);
			runOnlyForDeploymentPostprocessing = 0;
		};
		8413262B204EEE6000AA4B3A /* Sources */ = {
			isa = PBXSourcesBuildPhase;
			buildActionMask = 2147483647;
			files = (
				84395E27205055EB003FEBBE /* NotificationManager.swift in Sources */,
				8D60C90D2051D6000048E3E3 /* SKAction+Extensions.swift in Sources */,
				8D60C9102051D6000048E3E3 /* SKTTimingFunctions.swift in Sources */,
				84F7384B205076A700FDEB1D /* Reminder.swift in Sources */,
				84F7384F2050801B00FDEB1D /* Dosage.swift in Sources */,
				8D60C90C2051D6000048E3E3 /* Int+Extensions.swift in Sources */,
				84F738482050733D00FDEB1D /* Medicine.swift in Sources */,
				8D60C9132051D6000048E3E3 /* SKNode+Extensions.swift in Sources */,
				8D60C9072051D6000048E3E3 /* SKTAudio.swift in Sources */,
				8D60C9112051D6000048E3E3 /* SKColor.swift in Sources */,
				8D60C90F2051D6000048E3E3 /* SKTEffects.swift in Sources */,
				84E418F1205011DC007DE716 /* iOSManager.swift in Sources */,
				8D60C90E2051D6000048E3E3 /* SKAction+SpecialEffects.swift in Sources */,
				846949B22051ACA8000E4709 /* WatchiPhoneCommunicationProtocol.swift in Sources */,
				84F738512050802100FDEB1D /* Frequency.swift in Sources */,
				84132637204EEE6000AA4B3A /* ExtensionDelegate.swift in Sources */,
				8D60C9082051D6000048E3E3 /* SKRingNode.swift in Sources */,
				8D60C9092051D6000048E3E3 /* SKColor+Extensions.swift in Sources */,
				8D60C90B2051D6000048E3E3 /* CGFloat.swift in Sources */,
				8D60C9122051D6000048E3E3 /* GameScene.swift in Sources */,
				8D60C9062051D6000048E3E3 /* CGVector+Extensions.swift in Sources */,
				AB7C23F2204F12E400EBA6AB /* MedicineListController.swift in Sources */,
				8D60C9152051D6000048E3E3 /* CGPoint+Extensions.swift in Sources */,
				AB7C23F1204F12E400EBA6AB /* MedicineRowController.swift in Sources */,
				8D60C90A2051D6000048E3E3 /* CGFloat+Extensions.swift in Sources */,
				8D60C9142051D6000048E3E3 /* Vector3.swift in Sources */,
				8D60C8F42051D5970048E3E3 /* ComplicationController.swift in Sources */,
			);
			runOnlyForDeploymentPostprocessing = 0;
		};
/* End PBXSourcesBuildPhase section */

/* Begin PBXTargetDependency section */
		84132623204EEE6000AA4B3A /* PBXTargetDependency */ = {
			isa = PBXTargetDependency;
			target = 8413261F204EEE6000AA4B3A /* PillApp WatchKit App */;
			targetProxy = 84132622204EEE6000AA4B3A /* PBXContainerItemProxy */;
		};
		84132632204EEE6000AA4B3A /* PBXTargetDependency */ = {
			isa = PBXTargetDependency;
			target = 8413262E204EEE6000AA4B3A /* PillApp WatchKit Extension */;
			targetProxy = 84132631204EEE6000AA4B3A /* PBXContainerItemProxy */;
		};
/* End PBXTargetDependency section */

/* Begin PBXVariantGroup section */
		84132615204EEE6000AA4B3A /* Main.storyboard */ = {
			isa = PBXVariantGroup;
			children = (
				84132616204EEE6000AA4B3A /* Base */,
			);
			name = Main.storyboard;
			sourceTree = "<group>";
		};
		8413261A204EEE6000AA4B3A /* LaunchScreen.storyboard */ = {
			isa = PBXVariantGroup;
			children = (
				8413261B204EEE6000AA4B3A /* Base */,
			);
			name = LaunchScreen.storyboard;
			sourceTree = "<group>";
		};
/* End PBXVariantGroup section */

/* Begin XCBuildConfiguration section */
		8413263B204EEE6000AA4B3A /* Debug */ = {
			isa = XCBuildConfiguration;
			buildSettings = {
				ALWAYS_SEARCH_USER_PATHS = NO;
				CLANG_ANALYZER_NONNULL = YES;
				CLANG_ANALYZER_NUMBER_OBJECT_CONVERSION = YES_AGGRESSIVE;
				CLANG_CXX_LANGUAGE_STANDARD = "gnu++14";
				CLANG_CXX_LIBRARY = "libc++";
				CLANG_ENABLE_MODULES = YES;
				CLANG_ENABLE_OBJC_ARC = YES;
				CLANG_WARN_BLOCK_CAPTURE_AUTORELEASING = YES;
				CLANG_WARN_BOOL_CONVERSION = YES;
				CLANG_WARN_COMMA = YES;
				CLANG_WARN_CONSTANT_CONVERSION = YES;
				CLANG_WARN_DIRECT_OBJC_ISA_USAGE = YES_ERROR;
				CLANG_WARN_DOCUMENTATION_COMMENTS = YES;
				CLANG_WARN_EMPTY_BODY = YES;
				CLANG_WARN_ENUM_CONVERSION = YES;
				CLANG_WARN_INFINITE_RECURSION = YES;
				CLANG_WARN_INT_CONVERSION = YES;
				CLANG_WARN_NON_LITERAL_NULL_CONVERSION = YES;
				CLANG_WARN_OBJC_LITERAL_CONVERSION = YES;
				CLANG_WARN_OBJC_ROOT_CLASS = YES_ERROR;
				CLANG_WARN_RANGE_LOOP_ANALYSIS = YES;
				CLANG_WARN_STRICT_PROTOTYPES = YES;
				CLANG_WARN_SUSPICIOUS_MOVE = YES;
				CLANG_WARN_UNGUARDED_AVAILABILITY = YES_AGGRESSIVE;
				CLANG_WARN_UNREACHABLE_CODE = YES;
				CLANG_WARN__DUPLICATE_METHOD_MATCH = YES;
				CODE_SIGN_IDENTITY = "iPhone Developer";
				COPY_PHASE_STRIP = NO;
				DEBUG_INFORMATION_FORMAT = dwarf;
				ENABLE_STRICT_OBJC_MSGSEND = YES;
				ENABLE_TESTABILITY = YES;
				GCC_C_LANGUAGE_STANDARD = gnu11;
				GCC_DYNAMIC_NO_PIC = NO;
				GCC_NO_COMMON_BLOCKS = YES;
				GCC_OPTIMIZATION_LEVEL = 0;
				GCC_PREPROCESSOR_DEFINITIONS = (
					"DEBUG=1",
					"$(inherited)",
				);
				GCC_WARN_64_TO_32_BIT_CONVERSION = YES;
				GCC_WARN_ABOUT_RETURN_TYPE = YES_ERROR;
				GCC_WARN_UNDECLARED_SELECTOR = YES;
				GCC_WARN_UNINITIALIZED_AUTOS = YES_AGGRESSIVE;
				GCC_WARN_UNUSED_FUNCTION = YES;
				GCC_WARN_UNUSED_VARIABLE = YES;
				IPHONEOS_DEPLOYMENT_TARGET = 11.2;
				MTL_ENABLE_DEBUG_INFO = YES;
				ONLY_ACTIVE_ARCH = YES;
				SDKROOT = iphoneos;
				SWIFT_ACTIVE_COMPILATION_CONDITIONS = DEBUG;
				SWIFT_OPTIMIZATION_LEVEL = "-Onone";
			};
			name = Debug;
		};
		8413263C204EEE6000AA4B3A /* Release */ = {
			isa = XCBuildConfiguration;
			buildSettings = {
				ALWAYS_SEARCH_USER_PATHS = NO;
				CLANG_ANALYZER_NONNULL = YES;
				CLANG_ANALYZER_NUMBER_OBJECT_CONVERSION = YES_AGGRESSIVE;
				CLANG_CXX_LANGUAGE_STANDARD = "gnu++14";
				CLANG_CXX_LIBRARY = "libc++";
				CLANG_ENABLE_MODULES = YES;
				CLANG_ENABLE_OBJC_ARC = YES;
				CLANG_WARN_BLOCK_CAPTURE_AUTORELEASING = YES;
				CLANG_WARN_BOOL_CONVERSION = YES;
				CLANG_WARN_COMMA = YES;
				CLANG_WARN_CONSTANT_CONVERSION = YES;
				CLANG_WARN_DIRECT_OBJC_ISA_USAGE = YES_ERROR;
				CLANG_WARN_DOCUMENTATION_COMMENTS = YES;
				CLANG_WARN_EMPTY_BODY = YES;
				CLANG_WARN_ENUM_CONVERSION = YES;
				CLANG_WARN_INFINITE_RECURSION = YES;
				CLANG_WARN_INT_CONVERSION = YES;
				CLANG_WARN_NON_LITERAL_NULL_CONVERSION = YES;
				CLANG_WARN_OBJC_LITERAL_CONVERSION = YES;
				CLANG_WARN_OBJC_ROOT_CLASS = YES_ERROR;
				CLANG_WARN_RANGE_LOOP_ANALYSIS = YES;
				CLANG_WARN_STRICT_PROTOTYPES = YES;
				CLANG_WARN_SUSPICIOUS_MOVE = YES;
				CLANG_WARN_UNGUARDED_AVAILABILITY = YES_AGGRESSIVE;
				CLANG_WARN_UNREACHABLE_CODE = YES;
				CLANG_WARN__DUPLICATE_METHOD_MATCH = YES;
				CODE_SIGN_IDENTITY = "iPhone Developer";
				COPY_PHASE_STRIP = NO;
				DEBUG_INFORMATION_FORMAT = "dwarf-with-dsym";
				ENABLE_NS_ASSERTIONS = NO;
				ENABLE_STRICT_OBJC_MSGSEND = YES;
				GCC_C_LANGUAGE_STANDARD = gnu11;
				GCC_NO_COMMON_BLOCKS = YES;
				GCC_WARN_64_TO_32_BIT_CONVERSION = YES;
				GCC_WARN_ABOUT_RETURN_TYPE = YES_ERROR;
				GCC_WARN_UNDECLARED_SELECTOR = YES;
				GCC_WARN_UNINITIALIZED_AUTOS = YES_AGGRESSIVE;
				GCC_WARN_UNUSED_FUNCTION = YES;
				GCC_WARN_UNUSED_VARIABLE = YES;
				IPHONEOS_DEPLOYMENT_TARGET = 11.2;
				MTL_ENABLE_DEBUG_INFO = NO;
				SDKROOT = iphoneos;
				SWIFT_OPTIMIZATION_LEVEL = "-Owholemodule";
				VALIDATE_PRODUCT = YES;
			};
			name = Release;
		};
		8413263E204EEE6000AA4B3A /* Debug */ = {
			isa = XCBuildConfiguration;
			buildSettings = {
				ASSETCATALOG_COMPILER_COMPLICATION_NAME = Complication;
				CODE_SIGN_STYLE = Automatic;
				DEVELOPMENT_TEAM = M3PUPH2NBH;
				INFOPLIST_FILE = "PillApp WatchKit Extension/Info.plist";
				LD_RUNPATH_SEARCH_PATHS = "$(inherited) @executable_path/Frameworks @executable_path/../../Frameworks";
				PRODUCT_BUNDLE_IDENTIFIER = Scheltzke.PillApp.watchkitapp.watchkitextension;
				PRODUCT_NAME = "${TARGET_NAME}";
				SDKROOT = watchos;
				SKIP_INSTALL = YES;
				SWIFT_VERSION = 4.0;
				TARGETED_DEVICE_FAMILY = 4;
				WATCHOS_DEPLOYMENT_TARGET = 3.0;
			};
			name = Debug;
		};
		8413263F204EEE6000AA4B3A /* Release */ = {
			isa = XCBuildConfiguration;
			buildSettings = {
				ASSETCATALOG_COMPILER_COMPLICATION_NAME = Complication;
				CODE_SIGN_STYLE = Automatic;
				DEVELOPMENT_TEAM = M3PUPH2NBH;
				INFOPLIST_FILE = "PillApp WatchKit Extension/Info.plist";
				LD_RUNPATH_SEARCH_PATHS = "$(inherited) @executable_path/Frameworks @executable_path/../../Frameworks";
				PRODUCT_BUNDLE_IDENTIFIER = Scheltzke.PillApp.watchkitapp.watchkitextension;
				PRODUCT_NAME = "${TARGET_NAME}";
				SDKROOT = watchos;
				SKIP_INSTALL = YES;
				SWIFT_VERSION = 4.0;
				TARGETED_DEVICE_FAMILY = 4;
				WATCHOS_DEPLOYMENT_TARGET = 3.0;
			};
			name = Release;
		};
		84132642204EEE6000AA4B3A /* Debug */ = {
			isa = XCBuildConfiguration;
			buildSettings = {
				ALWAYS_EMBED_SWIFT_STANDARD_LIBRARIES = YES;
				ASSETCATALOG_COMPILER_APPICON_NAME = AppIcon;
				CODE_SIGN_STYLE = Automatic;
				DEVELOPMENT_TEAM = M3PUPH2NBH;
				IBSC_MODULE = PillApp_WatchKit_Extension;
				INFOPLIST_FILE = "PillApp WatchKit App/Info.plist";
				PRODUCT_BUNDLE_IDENTIFIER = Scheltzke.PillApp.watchkitapp;
				PRODUCT_NAME = "$(TARGET_NAME)";
				SDKROOT = watchos;
				SKIP_INSTALL = YES;
				SWIFT_VERSION = 4.0;
				TARGETED_DEVICE_FAMILY = 4;
				WATCHOS_DEPLOYMENT_TARGET = 3.0;
			};
			name = Debug;
		};
		84132643204EEE6000AA4B3A /* Release */ = {
			isa = XCBuildConfiguration;
			buildSettings = {
				ALWAYS_EMBED_SWIFT_STANDARD_LIBRARIES = YES;
				ASSETCATALOG_COMPILER_APPICON_NAME = AppIcon;
				CODE_SIGN_STYLE = Automatic;
				DEVELOPMENT_TEAM = M3PUPH2NBH;
				IBSC_MODULE = PillApp_WatchKit_Extension;
				INFOPLIST_FILE = "PillApp WatchKit App/Info.plist";
				PRODUCT_BUNDLE_IDENTIFIER = Scheltzke.PillApp.watchkitapp;
				PRODUCT_NAME = "$(TARGET_NAME)";
				SDKROOT = watchos;
				SKIP_INSTALL = YES;
				SWIFT_VERSION = 4.0;
				TARGETED_DEVICE_FAMILY = 4;
				WATCHOS_DEPLOYMENT_TARGET = 3.0;
			};
			name = Release;
		};
		84132646204EEE6000AA4B3A /* Debug */ = {
			isa = XCBuildConfiguration;
			buildSettings = {
				ASSETCATALOG_COMPILER_APPICON_NAME = AppIcon;
				CODE_SIGN_STYLE = Automatic;
				DEVELOPMENT_TEAM = M3PUPH2NBH;
				INFOPLIST_FILE = PillApp/Info.plist;
				IPHONEOS_DEPLOYMENT_TARGET = 10.0;
				LD_RUNPATH_SEARCH_PATHS = "$(inherited) @executable_path/Frameworks";
				PRODUCT_BUNDLE_IDENTIFIER = Scheltzke.PillApp;
				PRODUCT_NAME = "$(TARGET_NAME)";
				SWIFT_VERSION = 4.0;
				TARGETED_DEVICE_FAMILY = "1,2";
			};
			name = Debug;
		};
		84132647204EEE6000AA4B3A /* Release */ = {
			isa = XCBuildConfiguration;
			buildSettings = {
				ASSETCATALOG_COMPILER_APPICON_NAME = AppIcon;
				CODE_SIGN_STYLE = Automatic;
				DEVELOPMENT_TEAM = M3PUPH2NBH;
				INFOPLIST_FILE = PillApp/Info.plist;
				IPHONEOS_DEPLOYMENT_TARGET = 10.0;
				LD_RUNPATH_SEARCH_PATHS = "$(inherited) @executable_path/Frameworks";
				PRODUCT_BUNDLE_IDENTIFIER = Scheltzke.PillApp;
				PRODUCT_NAME = "$(TARGET_NAME)";
				SWIFT_VERSION = 4.0;
				TARGETED_DEVICE_FAMILY = "1,2";
			};
			name = Release;
		};
/* End XCBuildConfiguration section */

/* Begin XCConfigurationList section */
		84132609204EEE6000AA4B3A /* Build configuration list for PBXProject "PillApp" */ = {
			isa = XCConfigurationList;
			buildConfigurations = (
				8413263B204EEE6000AA4B3A /* Debug */,
				8413263C204EEE6000AA4B3A /* Release */,
			);
			defaultConfigurationIsVisible = 0;
			defaultConfigurationName = Release;
		};
		8413263D204EEE6000AA4B3A /* Build configuration list for PBXNativeTarget "PillApp WatchKit Extension" */ = {
			isa = XCConfigurationList;
			buildConfigurations = (
				8413263E204EEE6000AA4B3A /* Debug */,
				8413263F204EEE6000AA4B3A /* Release */,
			);
			defaultConfigurationIsVisible = 0;
			defaultConfigurationName = Release;
		};
		84132641204EEE6000AA4B3A /* Build configuration list for PBXNativeTarget "PillApp WatchKit App" */ = {
			isa = XCConfigurationList;
			buildConfigurations = (
				84132642204EEE6000AA4B3A /* Debug */,
				84132643204EEE6000AA4B3A /* Release */,
			);
			defaultConfigurationIsVisible = 0;
			defaultConfigurationName = Release;
		};
		84132645204EEE6000AA4B3A /* Build configuration list for PBXNativeTarget "PillApp" */ = {
			isa = XCConfigurationList;
			buildConfigurations = (
				84132646204EEE6000AA4B3A /* Debug */,
				84132647204EEE6000AA4B3A /* Release */,
			);
			defaultConfigurationIsVisible = 0;
			defaultConfigurationName = Release;
		};
/* End XCConfigurationList section */

/* Begin XCVersionGroup section */
		D7C85613204F2749001265C7 /* PillApp.xcdatamodeld */ = {
			isa = XCVersionGroup;
			children = (
				D7C85614204F2749001265C7 /* PillApp.xcdatamodel */,
			);
			currentVersion = D7C85614204F2749001265C7 /* PillApp.xcdatamodel */;
			path = PillApp.xcdatamodeld;
			sourceTree = "<group>";
			versionGroupType = wrapper.xcdatamodel;
		};
/* End XCVersionGroup section */
	};
	rootObject = 84132606204EEE6000AA4B3A /* Project object */;
}
